
Microsoft Visual Studio Solution File, Format Version 12.00
# Visual Studio Version 17
VisualStudioVersion = 17.3.32901.215
MinimumVisualStudioVersion = 10.0.40219.1
Project("{FAE04EC0-301F-11D3-BF4B-00C04F79EFBC}") = "LibraryWithLRU_NRU", "LibraryWithLRU_NRU\LibraryWithLRU_NRU.csproj", "{60225EA7-39BB-41B6-B64E-EE67E747A77E}"
EndProject
Project("{FAE04EC0-301F-11D3-BF4B-00C04F79EFBC}") = "Server", "Server\Server.csproj", "{59064D3B-BB1C-4F3A-AD6E-0096DE5F20A1}"
EndProject
Global
	GlobalSection(SolutionConfigurationPlatforms) = preSolution
		Debug|Any CPU = Debug|Any CPU
		Release|Any CPU = Release|Any CPU
	EndGlobalSection
	GlobalSection(ProjectConfigurationPlatforms) = postSolution
		{60225EA7-39BB-41B6-B64E-EE67E747A77E}.Debug|Any CPU.ActiveCfg = Debug|Any CPU
		{60225EA7-39BB-41B6-B64E-EE67E747A77E}.Debug|Any CPU.Build.0 = Debug|Any CPU
		{60225EA7-39BB-41B6-B64E-EE67E747A77E}.Release|Any CPU.ActiveCfg = Release|Any CPU
		{60225EA7-39BB-41B6-B64E-EE67E747A77E}.Release|Any CPU.Build.0 = Release|Any CPU
		{59064D3B-BB1C-4F3A-AD6E-0096DE5F20A1}.Debug|Any CPU.ActiveCfg = Debug|Any CPU
		{59064D3B-BB1C-4F3A-AD6E-0096DE5F20A1}.Debug|Any CPU.Build.0 = Debug|Any CPU
		{59064D3B-BB1C-4F3A-AD6E-0096DE5F20A1}.Release|Any CPU.ActiveCfg = Release|Any CPU
		{59064D3B-BB1C-4F3A-AD6E-0096DE5F20A1}.Release|Any CPU.Build.0 = Release|Any CPU
	EndGlobalSection
	GlobalSection(SolutionProperties) = preSolution
		HideSolutionNode = FALSE
	EndGlobalSection
	GlobalSection(ExtensibilityGlobals) = postSolution
		SolutionGuid = {6C9EABB5-7F9B-4098-BCD2-C970924EA685}
	EndGlobalSection
EndGlobal
